
Microsoft Visual Studio Solution File, Format Version 12.00
# Visual Studio Version 16
VisualStudioVersion = 16.0.30611.23
MinimumVisualStudioVersion = 10.0.40219.1
Project("{FAE04EC0-301F-11D3-BF4B-00C04F79EFBC}") = "Specification_Ver2", "Specification_Ver2.csproj", "{967DB58F-C958-417E-8B1C-7E12E9D0EF46}"
EndProject
Global
	GlobalSection(SolutionConfigurationPlatforms) = preSolution
		Debug|Any CPU = Debug|Any CPU
		Release|Any CPU = Release|Any CPU
	EndGlobalSection
	GlobalSection(ProjectConfigurationPlatforms) = postSolution
		{967DB58F-C958-417E-8B1C-7E12E9D0EF46}.Debug|Any CPU.ActiveCfg = Debug|Any CPU
		{967DB58F-C958-417E-8B1C-7E12E9D0EF46}.Debug|Any CPU.Build.0 = Debug|Any CPU
		{967DB58F-C958-417E-8B1C-7E12E9D0EF46}.Release|Any CPU.ActiveCfg = Release|Any CPU
		{967DB58F-C958-417E-8B1C-7E12E9D0EF46}.Release|Any CPU.Build.0 = Release|Any CPU
	EndGlobalSection
	GlobalSection(SolutionProperties) = preSolution
		HideSolutionNode = FALSE
	EndGlobalSection
	GlobalSection(ExtensibilityGlobals) = postSolution
		SolutionGuid = {EB204F07-231F-4546-B143-D3328E508414}
	EndGlobalSection
EndGlobal
